
Microsoft Visual Studio Solution File, Format Version 12.00
# Visual Studio Version 17
VisualStudioVersion = 17.13.35828.75 d17.13
MinimumVisualStudioVersion = 10.0.40219.1
Project("{FAE04EC0-301F-11D3-BF4B-00C04F79EFBC}") = "CarsApi", "CarsApi\CarsApi.csproj", "{EB901C60-89C2-4160-9E45-C8990102A2C8}"
EndProject
Global
	GlobalSection(SolutionConfigurationPlatforms) = preSolution
		Debug|Any CPU = Debug|Any CPU
		Release|Any CPU = Release|Any CPU
	EndGlobalSection
	GlobalSection(ProjectConfigurationPlatforms) = postSolution
		{EB901C60-89C2-4160-9E45-C8990102A2C8}.Debug|Any CPU.ActiveCfg = Debug|Any CPU
		{EB901C60-89C2-4160-9E45-C8990102A2C8}.Debug|Any CPU.Build.0 = Debug|Any CPU
		{EB901C60-89C2-4160-9E45-C8990102A2C8}.Release|Any CPU.ActiveCfg = Release|Any CPU
		{EB901C60-89C2-4160-9E45-C8990102A2C8}.Release|Any CPU.Build.0 = Release|Any CPU
	EndGlobalSection
	GlobalSection(SolutionProperties) = preSolution
		HideSolutionNode = FALSE
	EndGlobalSection
	GlobalSection(ExtensibilityGlobals) = postSolution
		SolutionGuid = {66860A36-06BF-4149-A3DC-8FB18F393FCD}
	EndGlobalSection
EndGlobal
